
Microsoft Visual Studio Solution File, Format Version 12.00
# Visual Studio Version 17
VisualStudioVersion = 17.7.34031.279
MinimumVisualStudioVersion = 10.0.40219.1
Project("{FAE04EC0-301F-11D3-BF4B-00C04F79EFBC}") = "EmployeeManagementSystem", "EmployeeManagementSystem\EmployeeManagementSystem.csproj", "{3F36F117-731C-410B-983D-ABFAC8B32716}"
EndProject
Global
	GlobalSection(SolutionConfigurationPlatforms) = preSolution
		Debug|Any CPU = Debug|Any CPU
		Release|Any CPU = Release|Any CPU
	EndGlobalSection
	GlobalSection(ProjectConfigurationPlatforms) = postSolution
		{3F36F117-731C-410B-983D-ABFAC8B32716}.Debug|Any CPU.ActiveCfg = Debug|Any CPU
		{3F36F117-731C-410B-983D-ABFAC8B32716}.Debug|Any CPU.Build.0 = Debug|Any CPU
		{3F36F117-731C-410B-983D-ABFAC8B32716}.Release|Any CPU.ActiveCfg = Release|Any CPU
		{3F36F117-731C-410B-983D-ABFAC8B32716}.Release|Any CPU.Build.0 = Release|Any CPU
	EndGlobalSection
	GlobalSection(SolutionProperties) = preSolution
		HideSolutionNode = FALSE
	EndGlobalSection
	GlobalSection(ExtensibilityGlobals) = postSolution
		SolutionGuid = {A2AAE433-22D5-4F14-A747-91523498C418}
	EndGlobalSection
EndGlobal
